
Microsoft Visual Studio Solution File, Format Version 12.00
# Visual Studio Version 16
VisualStudioVersion = 16.0.810.21
MinimumVisualStudioVersion = 10.0.40219.1
Project("{FAE04EC0-301F-11D3-BF4B-00C04F79EFBC}") = "RecipeApp.WebUI", "RecipeApp.WebUI.csproj", "{C2902599-1AE2-46C6-BDF8-F59DE1DEB240}"
EndProject
Global
	GlobalSection(SolutionConfigurationPlatforms) = preSolution
		Debug|Any CPU = Debug|Any CPU
		Release|Any CPU = Release|Any CPU
	EndGlobalSection
	GlobalSection(ProjectConfigurationPlatforms) = postSolution
		{C2902599-1AE2-46C6-BDF8-F59DE1DEB240}.Debug|Any CPU.ActiveCfg = Debug|Any CPU
		{C2902599-1AE2-46C6-BDF8-F59DE1DEB240}.Debug|Any CPU.Build.0 = Debug|Any CPU
		{C2902599-1AE2-46C6-BDF8-F59DE1DEB240}.Release|Any CPU.ActiveCfg = Release|Any CPU
		{C2902599-1AE2-46C6-BDF8-F59DE1DEB240}.Release|Any CPU.Build.0 = Release|Any CPU
	EndGlobalSection
	GlobalSection(SolutionProperties) = preSolution
		HideSolutionNode = FALSE
	EndGlobalSection
	GlobalSection(ExtensibilityGlobals) = postSolution
		SolutionGuid = {C5E1B5CC-1592-4687-9EB9-2071273C9665}
	EndGlobalSection
EndGlobal
